
Microsoft Visual Studio Solution File, Format Version 12.00
Project("{FAE04EC0-301F-11D3-BF4B-00C04F79EFBC}") = "Order.Api", "Services\Ordering\Order.Api\Order.Api.csproj", "{C1F17352-86C8-479E-BC00-A9F0B0578C1D}"
EndProject
Project("{FAE04EC0-301F-11D3-BF4B-00C04F79EFBC}") = "Order.Domain", "Services\Ordering\Order.Domain\Order.Domain.csproj", "{6D1F7866-C43B-4497-A017-39AD535D0198}"
EndProject
Project("{FAE04EC0-301F-11D3-BF4B-00C04F79EFBC}") = "Order.Infrastructure", "Services\Ordering\Order.Infrastructure\Order.Infrastructure.csproj", "{02CF9C3B-B6F2-41B5-B4DC-578B5B4DBDA6}"
EndProject
Project("{2150E333-8FDC-42A3-9474-1A3956D46DE8}") = "src", "src", "{F5C501E8-71F9-4517-B25D-EA5588BA7E03}"
EndProject
Project("{2150E333-8FDC-42A3-9474-1A3956D46DE8}") = "Services", "Services", "{90B8DFE2-6867-4B41-9F76-5BFFCA21E4CA}"
EndProject
Project("{2150E333-8FDC-42A3-9474-1A3956D46DE8}") = "Ordering", "Ordering", "{D498BEA1-1E92-43A8-8042-EB9FA078536F}"
EndProject
Project("{2150E333-8FDC-42A3-9474-1A3956D46DE8}") = "Payment", "Payment", "{0C0D3AAA-4BA9-4E1D-BB5F-46793A99C587}"
EndProject
Global
	GlobalSection(SolutionConfigurationPlatforms) = preSolution
		Debug|Any CPU = Debug|Any CPU
		Release|Any CPU = Release|Any CPU
	EndGlobalSection
	GlobalSection(ProjectConfigurationPlatforms) = postSolution
		{C1F17352-86C8-479E-BC00-A9F0B0578C1D}.Debug|Any CPU.ActiveCfg = Debug|Any CPU
		{C1F17352-86C8-479E-BC00-A9F0B0578C1D}.Debug|Any CPU.Build.0 = Debug|Any CPU
		{C1F17352-86C8-479E-BC00-A9F0B0578C1D}.Release|Any CPU.ActiveCfg = Release|Any CPU
		{C1F17352-86C8-479E-BC00-A9F0B0578C1D}.Release|Any CPU.Build.0 = Release|Any CPU
		{6D1F7866-C43B-4497-A017-39AD535D0198}.Debug|Any CPU.ActiveCfg = Debug|Any CPU
		{6D1F7866-C43B-4497-A017-39AD535D0198}.Debug|Any CPU.Build.0 = Debug|Any CPU
		{6D1F7866-C43B-4497-A017-39AD535D0198}.Release|Any CPU.ActiveCfg = Release|Any CPU
		{6D1F7866-C43B-4497-A017-39AD535D0198}.Release|Any CPU.Build.0 = Release|Any CPU
		{02CF9C3B-B6F2-41B5-B4DC-578B5B4DBDA6}.Debug|Any CPU.ActiveCfg = Debug|Any CPU
		{02CF9C3B-B6F2-41B5-B4DC-578B5B4DBDA6}.Debug|Any CPU.Build.0 = Debug|Any CPU
		{02CF9C3B-B6F2-41B5-B4DC-578B5B4DBDA6}.Release|Any CPU.ActiveCfg = Release|Any CPU
		{02CF9C3B-B6F2-41B5-B4DC-578B5B4DBDA6}.Release|Any CPU.Build.0 = Release|Any CPU
	EndGlobalSection
	GlobalSection(NestedProjects) = preSolution
		{90B8DFE2-6867-4B41-9F76-5BFFCA21E4CA} = {F5C501E8-71F9-4517-B25D-EA5588BA7E03}
		{D498BEA1-1E92-43A8-8042-EB9FA078536F} = {90B8DFE2-6867-4B41-9F76-5BFFCA21E4CA}
		{C1F17352-86C8-479E-BC00-A9F0B0578C1D} = {D498BEA1-1E92-43A8-8042-EB9FA078536F}
		{6D1F7866-C43B-4497-A017-39AD535D0198} = {D498BEA1-1E92-43A8-8042-EB9FA078536F}
		{02CF9C3B-B6F2-41B5-B4DC-578B5B4DBDA6} = {D498BEA1-1E92-43A8-8042-EB9FA078536F}
		{0C0D3AAA-4BA9-4E1D-BB5F-46793A99C587} = {90B8DFE2-6867-4B41-9F76-5BFFCA21E4CA}
	EndGlobalSection
EndGlobal
